
Microsoft Visual Studio Solution File, Format Version 12.00
# Visual Studio Version 17
VisualStudioVersion = 17.9.34622.214
MinimumVisualStudioVersion = 10.0.40219.1
Project("{FAE04EC0-301F-11D3-BF4B-00C04F79EFBC}") = "Lab5", "Lab5.csproj", "{8FEBD3A1-C8AA-44DD-839A-D6AE2E6E8324}"
EndProject
Global
	GlobalSection(SolutionConfigurationPlatforms) = preSolution
		Debug|Any CPU = Debug|Any CPU
		Release|Any CPU = Release|Any CPU
	EndGlobalSection
	GlobalSection(ProjectConfigurationPlatforms) = postSolution
		{8FEBD3A1-C8AA-44DD-839A-D6AE2E6E8324}.Debug|Any CPU.ActiveCfg = Debug|Any CPU
		{8FEBD3A1-C8AA-44DD-839A-D6AE2E6E8324}.Debug|Any CPU.Build.0 = Debug|Any CPU
		{8FEBD3A1-C8AA-44DD-839A-D6AE2E6E8324}.Release|Any CPU.ActiveCfg = Release|Any CPU
		{8FEBD3A1-C8AA-44DD-839A-D6AE2E6E8324}.Release|Any CPU.Build.0 = Release|Any CPU
	EndGlobalSection
	GlobalSection(SolutionProperties) = preSolution
		HideSolutionNode = FALSE
	EndGlobalSection
	GlobalSection(ExtensibilityGlobals) = postSolution
		SolutionGuid = {64470508-4C27-4CCF-80A4-3F534FE5C848}
	EndGlobalSection
EndGlobal
